
Microsoft Visual Studio Solution File, Format Version 12.00
# Visual Studio 14
VisualStudioVersion = 14.0.25420.1
MinimumVisualStudioVersion = 10.0.40219.1
Project("{FAE04EC0-301F-11D3-BF4B-00C04F79EFBC}") = "lab1", "lab1\lab1.csproj", "{E3B1C402-9B8D-4FED-8980-413C8932D52B}"
EndProject
Project("{FAE04EC0-301F-11D3-BF4B-00C04F79EFBC}") = "lab2_1", "lab2_1\lab2_1.csproj", "{948BE904-52A4-431B-A522-328EB73CAFC4}"
EndProject
Project("{FAE04EC0-301F-11D3-BF4B-00C04F79EFBC}") = "lab3_1", "lab3_1\lab3_1.csproj", "{EE5C55AB-6EAF-4B39-82F3-CCBB961C776D}"
EndProject
Project("{FAE04EC0-301F-11D3-BF4B-00C04F79EFBC}") = "Practice_1", "Practice_1\Practice_1.csproj", "{D50FF555-C45B-4EF7-9E5F-7394C489D108}"
EndProject
Project("{FAE04EC0-301F-11D3-BF4B-00C04F79EFBC}") = "Practice_2", "Practice_2\Practice_2.csproj", "{92270779-E102-4D1C-9CF3-C144C3413664}"
EndProject
Global
	GlobalSection(SolutionConfigurationPlatforms) = preSolution
		Debug|Any CPU = Debug|Any CPU
		Release|Any CPU = Release|Any CPU
	EndGlobalSection
	GlobalSection(ProjectConfigurationPlatforms) = postSolution
		{E3B1C402-9B8D-4FED-8980-413C8932D52B}.Debug|Any CPU.ActiveCfg = Debug|Any CPU
		{E3B1C402-9B8D-4FED-8980-413C8932D52B}.Debug|Any CPU.Build.0 = Debug|Any CPU
		{E3B1C402-9B8D-4FED-8980-413C8932D52B}.Release|Any CPU.ActiveCfg = Release|Any CPU
		{E3B1C402-9B8D-4FED-8980-413C8932D52B}.Release|Any CPU.Build.0 = Release|Any CPU
		{948BE904-52A4-431B-A522-328EB73CAFC4}.Debug|Any CPU.ActiveCfg = Debug|Any CPU
		{948BE904-52A4-431B-A522-328EB73CAFC4}.Debug|Any CPU.Build.0 = Debug|Any CPU
		{948BE904-52A4-431B-A522-328EB73CAFC4}.Release|Any CPU.ActiveCfg = Release|Any CPU
		{948BE904-52A4-431B-A522-328EB73CAFC4}.Release|Any CPU.Build.0 = Release|Any CPU
		{EE5C55AB-6EAF-4B39-82F3-CCBB961C776D}.Debug|Any CPU.ActiveCfg = Debug|Any CPU
		{EE5C55AB-6EAF-4B39-82F3-CCBB961C776D}.Debug|Any CPU.Build.0 = Debug|Any CPU
		{EE5C55AB-6EAF-4B39-82F3-CCBB961C776D}.Release|Any CPU.ActiveCfg = Release|Any CPU
		{EE5C55AB-6EAF-4B39-82F3-CCBB961C776D}.Release|Any CPU.Build.0 = Release|Any CPU
		{D50FF555-C45B-4EF7-9E5F-7394C489D108}.Debug|Any CPU.ActiveCfg = Debug|Any CPU
		{D50FF555-C45B-4EF7-9E5F-7394C489D108}.Debug|Any CPU.Build.0 = Debug|Any CPU
		{D50FF555-C45B-4EF7-9E5F-7394C489D108}.Release|Any CPU.ActiveCfg = Release|Any CPU
		{D50FF555-C45B-4EF7-9E5F-7394C489D108}.Release|Any CPU.Build.0 = Release|Any CPU
		{92270779-E102-4D1C-9CF3-C144C3413664}.Debug|Any CPU.ActiveCfg = Debug|Any CPU
		{92270779-E102-4D1C-9CF3-C144C3413664}.Debug|Any CPU.Build.0 = Debug|Any CPU
		{92270779-E102-4D1C-9CF3-C144C3413664}.Release|Any CPU.ActiveCfg = Release|Any CPU
		{92270779-E102-4D1C-9CF3-C144C3413664}.Release|Any CPU.Build.0 = Release|Any CPU
	EndGlobalSection
	GlobalSection(SolutionProperties) = preSolution
		HideSolutionNode = FALSE
	EndGlobalSection
EndGlobal
